# THIS IS AN AUTOGENERATED FILE. DO NOT EDIT THIS FILE DIRECTLY.
# yarn lockfile v1


react-parallax-tilt@^1.7.71:
  version "1.7.71"
  resolved "https://registry.yarnpkg.com/react-parallax-tilt/-/react-parallax-tilt-1.7.71.tgz#1483cc34794d5d44b1f0ac30fecbaf92df7f2b64"
  integrity sha512-W5cpDDW1SHxEjF5U9ckHUrm894DqFvtZTNojijXUgcKNivjebzAvZJTpTv5dRFiiuhv/v6BKpda0T1r3vs9TxQ==
